# THIS IS AN AUTOGENERATED FILE. DO NOT EDIT THIS FILE DIRECTLY.
# yarn lockfile v1


"@types/hoist-non-react-statics@*":
  version "3.3.1"
  resolved "https://registry.yarnpkg.com/@types/hoist-non-react-statics/-/hoist-non-react-statics-3.3.1.tgz#1124aafe5118cb591977aeb1ceaaed1070eb039f"
  integrity sha512-iMIqiko6ooLrTh1joXodJK5X9xeEALT1kM5G3ZLhD3hszxBdIEd5C75U834D9mLcINgD4OyZf5uQXjkuYydWvA==
  dependencies:
    "@types/react" "*"
    hoist-non-react-statics "^3.3.0"

"@types/prop-types@*":
  version "15.7.3"
  resolved "https://registry.yarnpkg.com/@types/prop-types/-/prop-types-15.7.3.tgz#2ab0d5da2e5815f94b0b9d4b95d1e5f243ab2ca7"
  integrity sha512-KfRL3PuHmqQLOG+2tGpRO26Ctg+Cq1E01D2DMriKEATHgWLfeNDmq9e29Q9WIky0dQ3NPkd1mzYH8Lm936Z9qw==

"@types/react-native@*":
  version "0.62.1"
  resolved "https://registry.yarnpkg.com/@types/react-native/-/react-native-0.62.1.tgz#a51d50ade85420a68d594778316ed74e5040078c"
  integrity sha512-4uKqYGek9/OstJWW0hEfF/6fx8BzNkzdAFxeY+VOxec+SPKK/hvGEjnX6+0jV1MnJDBHYKdWfWA4sYCQ8G3sqA==
  dependencies:
    "@types/react" "*"

"@types/react@*":
  version "16.9.32"
  resolved "https://registry.yarnpkg.com/@types/react/-/react-16.9.32.tgz#f6368625b224604148d1ddf5920e4fefbd98d383"
  integrity sha512-fmejdp0CTH00mOJmxUPPbWCEBWPvRIL4m8r0qD+BSDUqmutPyGQCHifzMpMzdvZwROdEdL78IuZItntFWgPXHQ==
  dependencies:
    "@types/prop-types" "*"
    csstype "^2.2.0"

"@types/styled-components@^5.0.1":
  version "5.0.1"
  resolved "https://registry.yarnpkg.com/@types/styled-components/-/styled-components-5.0.1.tgz#44d210b0a0218a70df998d1a8e1f69c82d9cc68b"
  integrity sha512-1yRYO1dAE2MGEuYKF1yQFeMdoyerIQn6ZDnFFkxZamcs3rn8RQVn98edPsTROAxbTz81tqnVN4BJ3Qs1cm/tKg==
  dependencies:
    "@types/hoist-non-react-statics" "*"
    "@types/react" "*"
    "@types/react-native" "*"
    csstype "^2.2.0"

csstype@^2.2.0:
  version "2.6.10"
  resolved "https://registry.yarnpkg.com/csstype/-/csstype-2.6.10.tgz#e63af50e66d7c266edb6b32909cfd0aabe03928b"
  integrity sha512-D34BqZU4cIlMCY93rZHbrq9pjTAQJ3U8S8rfBqjwHxkGPThWFjzZDQpgMJY0QViLxth6ZKYiwFBo14RdN44U/w==

hoist-non-react-statics@^3.3.0:
  version "3.3.2"
  resolved "https://registry.yarnpkg.com/hoist-non-react-statics/-/hoist-non-react-statics-3.3.2.tgz#ece0acaf71d62c2969c2ec59feff42a4b1a85b45"
  integrity sha512-/gGivxi8JPKWNm/W0jSmzcMPpfpPLc3dY/6GxhX2hQ9iGj3aDfklV4ET7NjKpSinLpJ5vafa9iiGIEZg10SfBw==
  dependencies:
    react-is "^16.7.0"

react-is@^16.7.0:
  version "16.13.1"
  resolved "https://registry.yarnpkg.com/react-is/-/react-is-16.13.1.tgz#789729a4dc36de2999dc156dd6c1d9c18cea56a4"
  integrity sha512-24e6ynE2H+OKt4kqsOvNd8kBpV65zoxbA4BVsEOB3ARVWQki/DHzaUoC5KuON/BiccDaCCTZBuOcfZs70kR8bQ==
