# IF THERE'S A GIT CONFLICT IN THIS FILE, DON'T SOLVE IT MANUALLY!
# INSTEAD EXECUTE `prisma migrate fix`
# Prisma Migrate lockfile v1
# Read more about conflict resolution here: TODO

20200404113442-business-vouchers-tables
20200404115123-vouchers-to-business-relation
20200404121620-change-relation-vouchres-business
20200404122717-add-tags-and-categories
20200404123254-many-to-many
20200404123836-naming-change
20200404124604-n-m-relations
20200404134026-delete-unique-voucher-name
20200404141547-add-rating-table
20200404141800-change-raiting-column-name
20200404142918-create-orders-table
20200404170453
20200404183421-add-users-table
20200404194709-add-account-type-column-to-users-table
20200404194957-make-email-column-unique-in-users-table
20200404195400-making-users-email-column-unique
20200405124949-make-tag-name-unique
20200405140532-change-how-rating-works
20200405140804-remove-business-id-column
20200405140852-add-business-realtion-with-rating
20200405140937-update-rating
20200405141008-create-business-to-rating
20200405141335-add-business-id-to-rating-table
20200405142124-update-business
20200405142746-add-price-to-order-table